
Microsoft Visual Studio Solution File, Format Version 12.00
# Visual Studio Version 16
VisualStudioVersion = 16.0.29001.49
MinimumVisualStudioVersion = 10.0.40219.1
Project("{9A19103F-16F7-4668-BE54-9A1E7A4F7556}") = "EplOnCppCore", "EplOnCppCore\EplOnCppCore.csproj", "{8ABC82F1-28E6-40E8-9DF8-E872F36A2297}"
EndProject
Project("{FAE04EC0-301F-11D3-BF4B-00C04F79EFBC}") = "EplOnCppCLI", "EplOnCppCLI\EplOnCppCLI.csproj", "{EC2CC9BF-99A4-4121-8EDD-379EA846BE7F}"
EndProject
Global
	GlobalSection(SolutionConfigurationPlatforms) = preSolution
		Debug|Any CPU = Debug|Any CPU
		Release|Any CPU = Release|Any CPU
	EndGlobalSection
	GlobalSection(ProjectConfigurationPlatforms) = postSolution
		{8ABC82F1-28E6-40E8-9DF8-E872F36A2297}.Debug|Any CPU.ActiveCfg = Debug|Any CPU
		{8ABC82F1-28E6-40E8-9DF8-E872F36A2297}.Debug|Any CPU.Build.0 = Debug|Any CPU
		{8ABC82F1-28E6-40E8-9DF8-E872F36A2297}.Release|Any CPU.ActiveCfg = Release|Any CPU
		{8ABC82F1-28E6-40E8-9DF8-E872F36A2297}.Release|Any CPU.Build.0 = Release|Any CPU
		{EC2CC9BF-99A4-4121-8EDD-379EA846BE7F}.Debug|Any CPU.ActiveCfg = Debug|Any CPU
		{EC2CC9BF-99A4-4121-8EDD-379EA846BE7F}.Debug|Any CPU.Build.0 = Debug|Any CPU
		{EC2CC9BF-99A4-4121-8EDD-379EA846BE7F}.Release|Any CPU.ActiveCfg = Release|Any CPU
		{EC2CC9BF-99A4-4121-8EDD-379EA846BE7F}.Release|Any CPU.Build.0 = Release|Any CPU
	EndGlobalSection
	GlobalSection(SolutionProperties) = preSolution
		HideSolutionNode = FALSE
	EndGlobalSection
	GlobalSection(ExtensibilityGlobals) = postSolution
		SolutionGuid = {EF6ECA5C-4A69-4B44-AEA1-7AE0DEEC782D}
	EndGlobalSection
EndGlobal
